{
  "name": "nickolino",
  "version": "1.0.0",
  "lockfileVersion": 1,
  "requires": true,
  "dependencies": {
    "@babel/runtime": {
      "version": "7.12.5",
      "resolved": "https://registry.npmjs.org/@babel/runtime/-/runtime-7.12.5.tgz",
      "integrity": "sha512-plcc+hbExy3McchJCEQG3knOsuh3HH+Prx1P6cLIkET/0dLuQDEnrT+s27Axgc9bqfsmNUNHfscgMUdBpC9xfg==",
      "requires": {
        "regenerator-runtime": "^0.13.4"
      }
    },
    "@babel/runtime-corejs3": {
      "version": "7.12.5",
      "resolved": "https://registry.npmjs.org/@babel/runtime-corejs3/-/runtime-corejs3-7.12.5.tgz",
      "integrity": "sha512-roGr54CsTmNPPzZoCP1AmDXuBoNao7tnSA83TXTwt+UK5QVyh1DIJnrgYRPWKCF2flqZQXwa7Yr8v7VmLzF0YQ==",
      "requires": {
        "core-js-pure": "^3.0.0",
        "regenerator-runtime": "^0.13.4"
      }
    },
    "abort-controller": {
      "version": "3.0.0",
      "resolved": "https://registry.npmjs.org/abort-controller/-/abort-controller-3.0.0.tgz",
      "integrity": "sha512-h8lQ8tacZYnR3vNQTgibj+tODHI5/+l06Au2Pcriv/Gmet0eaj4TwWH41sO9wnHDiQsEj19q0drzdWdeAHtweg==",
      "requires": {
        "event-target-shim": "^5.0.0"
      }
    },
    "axios": {
      "version": "0.21.1",
      "resolved": "https://registry.npmjs.org/axios/-/axios-0.21.1.tgz",
      "integrity": "sha512-dKQiRHxGD9PPRIUNIWvZhPTPpl1rf/OxTYKsqKUDjBwYylTvV7SjSHJb9ratfyzM6wCdLCOYLzs73qpg5c4iGA==",
      "requires": {
        "follow-redirects": "^1.10.0"
      }
    },
    "core-js-pure": {
      "version": "3.8.3",
      "resolved": "https://registry.npmjs.org/core-js-pure/-/core-js-pure-3.8.3.tgz",
      "integrity": "sha512-V5qQZVAr9K0xu7jXg1M7qTEwuxUgqr7dUOezGaNa7i+Xn9oXAU/d1fzqD9ObuwpVQOaorO5s70ckyi1woP9lVA=="
    },
    "crypto-js": {
      "version": "4.0.0",
      "resolved": "https://registry.npmjs.org/crypto-js/-/crypto-js-4.0.0.tgz",
      "integrity": "sha512-bzHZN8Pn+gS7DQA6n+iUmBfl0hO5DJq++QP3U6uTucDtk/0iGpXd/Gg7CGR0p8tJhofJyaKoWBuJI4eAO00BBg==",
      "optional": true
    },
    "debug": {
      "version": "4.3.1",
      "resolved": "https://registry.npmjs.org/debug/-/debug-4.3.1.tgz",
      "integrity": "sha512-doEwdvm4PCeK4K3RQN2ZC2BYUBaxwLARCqZmMjtF8a51J2Rb0xpVloFRnCODwqjpwnAoao4pelN8l3RJdv3gRQ==",
      "requires": {
        "ms": "2.1.2"
      }
    },
    "dotenv": {
      "version": "8.2.0",
      "resolved": "https://registry.npmjs.org/dotenv/-/dotenv-8.2.0.tgz",
      "integrity": "sha512-8sJ78ElpbDJBHNeBzUbUVLsqKdccaa/BXF1uPTw3GrvQTBgrQrtObr2mUrE38vzYd8cEv+m/JBfDLioYcfXoaw=="
    },
    "event-target-shim": {
      "version": "5.0.1",
      "resolved": "https://registry.npmjs.org/event-target-shim/-/event-target-shim-5.0.1.tgz",
      "integrity": "sha512-i/2XbnSz/uxRCU6+NdVJgKWDTM427+MqYbkQzD321DuCQJUqOuJKIA0IM2+W2xtYHdKOmZ4dR6fExsd4SXL+WQ=="
    },
    "follow-redirects": {
      "version": "1.13.1",
      "resolved": "https://registry.npmjs.org/follow-redirects/-/follow-redirects-1.13.1.tgz",
      "integrity": "sha512-SSG5xmZh1mkPGyKzjZP8zLjltIfpW32Y5QpdNJyjcfGxK3qo3NDDkZOZSFiGn1A6SclQxY9GzEwAHQ3dmYRWpg=="
    },
    "minimist": {
      "version": "1.2.5",
      "resolved": "https://registry.npmjs.org/minimist/-/minimist-1.2.5.tgz",
      "integrity": "sha512-FM9nNUYrRBAELZQT3xeZQ7fmMOBg6nWNmJKTcgsJeaLstP/UODVpGsr5OhXhhXg6f+qtJ8uiZ+PUxkDWcgIXLw=="
    },
    "module-alias": {
      "version": "2.2.2",
      "resolved": "https://registry.npmjs.org/module-alias/-/module-alias-2.2.2.tgz",
      "integrity": "sha512-A/78XjoX2EmNvppVWEhM2oGk3x4lLxnkEA4jTbaK97QKSDjkIoOsKQlfylt/d3kKKi596Qy3NP5XrXJ6fZIC9Q=="
    },
    "ms": {
      "version": "2.1.2",
      "resolved": "https://registry.npmjs.org/ms/-/ms-2.1.2.tgz",
      "integrity": "sha512-sGkPx+VjMtmA6MX27oA4FBFELFCZZ4S4XqeGOXCv68tT+jb3vk/RyaKWP0PTKyWtmLSM0b+adUTEvbs1PEaH2w=="
    },
    "node-fetch": {
      "version": "2.6.1",
      "resolved": "https://registry.npmjs.org/node-fetch/-/node-fetch-2.6.1.tgz",
      "integrity": "sha512-V4aYg89jEoVRxRb2fJdAg8FHvI7cEyYdVAh94HH0UIK8oJxUfkjlDQN9RbMx+bEjP7+ggMiFRprSti032Oipxw=="
    },
    "node-iex-cloud": {
      "version": "2.0.31",
      "resolved": "https://registry.npmjs.org/node-iex-cloud/-/node-iex-cloud-2.0.31.tgz",
      "integrity": "sha512-4uv4yvkTsHewk2sh8VazIMp5VW6n5bfV5E1Gn6EHDvP7G4IQaL96DLdMjGNU0HirVL7oG/IaN6rqGb1ENRg+8Q=="
    },
    "p-timeout": {
      "version": "4.1.0",
      "resolved": "https://registry.npmjs.org/p-timeout/-/p-timeout-4.1.0.tgz",
      "integrity": "sha512-+/wmHtzJuWii1sXn3HCuH/FTwGhrp4tmJTxSKJbfS+vkipci6osxXM5mY0jUiRzWKMTgUT8l7HFbeSwZAynqHw=="
    },
    "parse": {
      "version": "2.19.0",
      "resolved": "https://registry.npmjs.org/parse/-/parse-2.19.0.tgz",
      "integrity": "sha512-twxq/Kzyd0c9exxK0jMEPISwDpFzukmexSa+VAFL4a6K+lqGeJ9TuysYhfR9Bkcd0mHGcMFM5gn4uycu1xykvA==",
      "requires": {
        "@babel/runtime": "7.12.5",
        "@babel/runtime-corejs3": "7.12.5",
        "crypto-js": "4.0.0",
        "react-native-crypto-js": "1.0.0",
        "uuid": "3.4.0",
        "ws": "7.4.0",
        "xmlhttprequest": "1.8.0"
      }
    },
    "react-native-crypto-js": {
      "version": "1.0.0",
      "resolved": "https://registry.npmjs.org/react-native-crypto-js/-/react-native-crypto-js-1.0.0.tgz",
      "integrity": "sha512-FNbLuG/HAdapQoybeZSoes1PWdOj0w242gb+e1R0hicf3Gyj/Mf8M9NaED2AnXVOX01b2FXomwUiw1xP1K+8sA=="
    },
    "regenerator-runtime": {
      "version": "0.13.7",
      "resolved": "https://registry.npmjs.org/regenerator-runtime/-/regenerator-runtime-0.13.7.tgz",
      "integrity": "sha512-a54FxoJDIr27pgf7IgeQGxmqUNYrcV338lf/6gH456HZ/PhX+5BcwHXG9ajESmwe6WRO0tAzRUrRmNONWgkrew=="
    },
    "sandwich-stream": {
      "version": "2.0.2",
      "resolved": "https://registry.npmjs.org/sandwich-stream/-/sandwich-stream-2.0.2.tgz",
      "integrity": "sha512-jLYV0DORrzY3xaz/S9ydJL6Iz7essZeAfnAavsJ+zsJGZ1MOnsS52yRjU3uF3pJa/lla7+wisp//fxOwOH8SKQ=="
    },
    "telegraf": {
      "version": "4.0.1",
      "resolved": "https://registry.npmjs.org/telegraf/-/telegraf-4.0.1.tgz",
      "integrity": "sha512-kpl3vFDnIjlGxDuzNq3McUnJo9jGOlJEYtBeDPZc0Zvx878HFSO64uJeJ2HW6Tg3/76xh3dX77B7IdTGjuTOWA==",
      "requires": {
        "abort-controller": "^3.0.0",
        "debug": "^4.3.1",
        "minimist": "^1.2.5",
        "module-alias": "^2.2.2",
        "node-fetch": "^2.6.1",
        "p-timeout": "^4.1.0",
        "sandwich-stream": "^2.0.2",
        "typegram": "^3.1.4"
      }
    },
    "typegram": {
      "version": "3.1.7",
      "resolved": "https://registry.npmjs.org/typegram/-/typegram-3.1.7.tgz",
      "integrity": "sha512-8qugbkUZt8RHTVogVvUgf+s4RVMko1ABUvwEMsKEPwhHZxMRGiR1ZtqbvpOAReWIQh0NNUEUax87TNv0Czotdw=="
    },
    "uuid": {
      "version": "3.4.0",
      "resolved": "https://registry.npmjs.org/uuid/-/uuid-3.4.0.tgz",
      "integrity": "sha512-HjSDRw6gZE5JMggctHBcjVak08+KEVhSIiDzFnT9S9aegmp85S/bReBVTb4QTFaRNptJ9kuYaNhnbNEOkbKb/A=="
    },
    "ws": {
      "version": "7.4.0",
      "resolved": "https://registry.npmjs.org/ws/-/ws-7.4.0.tgz",
      "integrity": "sha512-kyFwXuV/5ymf+IXhS6f0+eAFvydbaBW3zjpT6hUdAh/hbVjTIB5EHBGi0bPoCLSK2wcuz3BrEkB9LrYv1Nm4NQ=="
    },
    "xmlhttprequest": {
      "version": "1.8.0",
      "resolved": "https://registry.npmjs.org/xmlhttprequest/-/xmlhttprequest-1.8.0.tgz",
      "integrity": "sha1-Z/4HXFwk/vOfnWX197f+dRcZaPw="
    }
  }
}
